Microsoft Visual Studio Solution File, Format Version 12.00
# Visual Studio Version 17
VisualStudioVersion = 17.13.35913.81
MinimumVisualStudioVersion = 10.0.40219.1
Project("{8BC9CEB8-8B4A-11D0-8D11-00A0C91BC942}") = "Problem1", "Problem1\Problem1.vcxproj", "{D2CDAA68-D5EB-4E4C-B0C3-5BE155A23D8B}"
EndProject
Project("{8BC9CEB8-8B4A-11D0-8D11-00A0C91BC942}") = "Problem2", "Problem2\Problem2.vcxproj", "{FE9215D7-5366-4743-A1C3-B3870C835846}"
EndProject
Project("{8BC9CEB8-8B4A-11D0-8D11-00A0C91BC942}") = "Problem3", "Problem3\Problem3.vcxproj", "{E6869307-DBB0-49FB-978F-22E2F5B47C8A}"
EndProject
Project("{8BC9CEB8-8B4A-11D0-8D11-00A0C91BC942}") = "Problem4", "Problem4\Problem4.vcxproj", "{9FE8A50F-BC20-4B72-85F2-1C35EB75D7DA}"
EndProject
Global
	GlobalSection(SolutionConfigurationPlatforms) = preSolution
		Debug|x64 = Debug|x64
		Debug|x86 = Debug|x86
		Release|x64 = Release|x64
		Release|x86 = Release|x86
	EndGlobalSection
	GlobalSection(ProjectConfigurationPlatforms) = postSolution
		{D2CDAA68-D5EB-4E4C-B0C3-5BE155A23D8B}.Debug|x64.ActiveCfg = Debug|x64
		{D2CDAA68-D5EB-4E4C-B0C3-5BE155A23D8B}.Debug|x64.Build.0 = Debug|x64
		{D2CDAA68-D5EB-4E4C-B0C3-5BE155A23D8B}.Debug|x86.ActiveCfg = Debug|Win32
		{D2CDAA68-D5EB-4E4C-B0C3-5BE155A23D8B}.Debug|x86.Build.0 = Debug|Win32
		{D2CDAA68-D5EB-4E4C-B0C3-5BE155A23D8B}.Release|x64.ActiveCfg = Release|x64
		{D2CDAA68-D5EB-4E4C-B0C3-5BE155A23D8B}.Release|x64.Build.0 = Release|x64
		{D2CDAA68-D5EB-4E4C-B0C3-5BE155A23D8B}.Release|x86.ActiveCfg = Release|Win32
		{D2CDAA68-D5EB-4E4C-B0C3-5BE155A23D8B}.Release|x86.Build.0 = Release|Win32
		{FE9215D7-5366-4743-A1C3-B3870C835846}.Debug|x64.ActiveCfg = Debug|x64
		{FE9215D7-5366-4743-A1C3-B3870C835846}.Debug|x64.Build.0 = Debug|x64
		{FE9215D7-5366-4743-A1C3-B3870C835846}.Debug|x86.ActiveCfg = Debug|Win32
		{FE9215D7-5366-4743-A1C3-B3870C835846}.Debug|x86.Build.0 = Debug|Win32
		{FE9215D7-5366-4743-A1C3-B3870C835846}.Release|x64.ActiveCfg = Release|x64
		{FE9215D7-5366-4743-A1C3-B3870C835846}.Release|x64.Build.0 = Release|x64
		{FE9215D7-5366-4743-A1C3-B3870C835846}.Release|x86.ActiveCfg = Release|Win32
		{FE9215D7-5366-4743-A1C3-B3870C835846}.Release|x86.Build.0 = Release|Win32
		{E6869307-DBB0-49FB-978F-22E2F5B47C8A}.Debug|x64.ActiveCfg = Debug|x64
		{E6869307-DBB0-49FB-978F-22E2F5B47C8A}.Debug|x64.Build.0 = Debug|x64
		{E6869307-DBB0-49FB-978F-22E2F5B47C8A}.Debug|x86.ActiveCfg = Debug|Win32
		{E6869307-DBB0-49FB-978F-22E2F5B47C8A}.Debug|x86.Build.0 = Debug|Win32
		{E6869307-DBB0-49FB-978F-22E2F5B47C8A}.Release|x64.ActiveCfg = Release|x64
		{E6869307-DBB0-49FB-978F-22E2F5B47C8A}.Release|x64.Build.0 = Release|x64
		{E6869307-DBB0-49FB-978F-22E2F5B47C8A}.Release|x86.ActiveCfg = Release|Win32
		{E6869307-DBB0-49FB-978F-22E2F5B47C8A}.Release|x86.Build.0 = Release|Win32
		{9FE8A50F-BC20-4B72-85F2-1C35EB75D7DA}.Debug|x64.ActiveCfg = Debug|x64
		{9FE8A50F-BC20-4B72-85F2-1C35EB75D7DA}.Debug|x64.Build.0 = Debug|x64
		{9FE8A50F-BC20-4B72-85F2-1C35EB75D7DA}.Debug|x86.ActiveCfg = Debug|Win32
		{9FE8A50F-BC20-4B72-85F2-1C35EB75D7DA}.Debug|x86.Build.0 = Debug|Win32
		{9FE8A50F-BC20-4B72-85F2-1C35EB75D7DA}.Release|x64.ActiveCfg = Release|x64
		{9FE8A50F-BC20-4B72-85F2-1C35EB75D7DA}.Release|x64.Build.0 = Release|x64
		{9FE8A50F-BC20-4B72-85F2-1C35EB75D7DA}.Release|x86.ActiveCfg = Release|Win32
		{9FE8A50F-BC20-4B72-85F2-1C35EB75D7DA}.Release|x86.Build.0 = Release|Win32
	EndGlobalSection
	GlobalSection(SolutionProperties) = preSolution
		HideSolutionNode = FALSE
	EndGlobalSection
	GlobalSection(ExtensibilityGlobals) = postSolution
		SolutionGuid = {E57FB675-9E37-4885-BDB1-CD8A92C02165}
	EndGlobalSection
EndGlobal
